
Microsoft Visual Studio Solution File, Format Version 12.00
# Visual Studio 2013
VisualStudioVersion = 12.0.40629.0
MinimumVisualStudioVersion = 10.0.40219.1
Project("{FAE04EC0-301F-11D3-BF4B-00C04F79EFBC}") = "1-二维数组查找", "1-二维数组查找\1-二维数组查找.csproj", "{A339E955-1E2F-4193-B7FF-5E063000D3B5}"
EndProject
Project("{FAE04EC0-301F-11D3-BF4B-00C04F79EFBC}") = "2-替换空格", "2-替换空格\2-替换空格.csproj", "{954BF2D4-ECBB-4D13-B414-7208CB575799}"
EndProject
Project("{FAE04EC0-301F-11D3-BF4B-00C04F79EFBC}") = "3-从尾到头打印链表", "3-从尾到头打印链表\3-从尾到头打印链表.csproj", "{CFD148AF-6741-4178-9448-5240DA365FC0}"
EndProject
Project("{FAE04EC0-301F-11D3-BF4B-00C04F79EFBC}") = "4-重建二叉树", "4-重建二叉树\4-重建二叉树.csproj", "{7E72993B-E1E3-4AE4-A352-4448976020A9}"
EndProject
Project("{FAE04EC0-301F-11D3-BF4B-00C04F79EFBC}") = "5-用两个栈实现队列", "5-用两个栈实现队列\5-用两个栈实现队列.csproj", "{408EAF57-DD69-41E5-A920-B038868A93E6}"
EndProject
Project("{FAE04EC0-301F-11D3-BF4B-00C04F79EFBC}") = "6-旋转数组的最小数字", "6-旋转数组的最小数字\6-旋转数组的最小数字.csproj", "{A991AE79-45B7-48BF-815D-0B996D98C115}"
EndProject
Project("{FAE04EC0-301F-11D3-BF4B-00C04F79EFBC}") = "7-斐波那契数列", "7-斐波那契数列\7-斐波那契数列.csproj", "{12E11203-7DCC-467D-B252-73BD20E3668D}"
EndProject
Project("{FAE04EC0-301F-11D3-BF4B-00C04F79EFBC}") = "8-变态跳台阶", "8-变态跳台阶\8-变态跳台阶.csproj", "{27BDFB9E-4887-4B11-84AE-05DD5EDF257E}"
EndProject
Project("{FAE04EC0-301F-11D3-BF4B-00C04F79EFBC}") = "9-矩形覆盖", "9-矩形覆盖\9-矩形覆盖.csproj", "{F4335B4D-68C8-4FC3-8D26-A2842DC831D7}"
EndProject
Project("{FAE04EC0-301F-11D3-BF4B-00C04F79EFBC}") = "10-二进制中1的个数", "10-二进制中1的个数\10-二进制中1的个数.csproj", "{96C3B9DD-D5DC-4E95-9D34-C3881377FD09}"
EndProject
Project("{FAE04EC0-301F-11D3-BF4B-00C04F79EFBC}") = "11-数值的整数次方", "11-数值的整数次方\11-数值的整数次方.csproj", "{D517D80B-FC61-44EB-AEF3-5B4605499F2A}"
EndProject
Project("{FAE04EC0-301F-11D3-BF4B-00C04F79EFBC}") = "12-调整数组顺序使奇数位于偶数前面", "12-调整数组顺序使奇数位于偶数前面\12-调整数组顺序使奇数位于偶数前面.csproj", "{A5A4251E-ED1F-4A40-9787-5BDBA1603A18}"
EndProject
Project("{FAE04EC0-301F-11D3-BF4B-00C04F79EFBC}") = "13-链表中倒数第K个节点", "13-链表中倒数第K个节点\13-链表中倒数第K个节点.csproj", "{8773890D-2283-4D80-851E-0B70EDE91845}"
EndProject
Project("{FAE04EC0-301F-11D3-BF4B-00C04F79EFBC}") = "14-反转链表", "14-反转链表\14-反转链表.csproj", "{C7F3DD02-E9F8-47A8-A0BC-FE02F5FBCEA3}"
EndProject
Project("{FAE04EC0-301F-11D3-BF4B-00C04F79EFBC}") = "15-合并两个排序的链表", "15-合并两个排序的链表\15-合并两个排序的链表.csproj", "{7FCA5384-2651-4F7B-9BF7-24C552DC4854}"
EndProject
Project("{FAE04EC0-301F-11D3-BF4B-00C04F79EFBC}") = "16-树的子树", "16-树的子树\16-树的子树.csproj", "{AD365824-67A8-46F2-8094-B4BABD9017B5}"
EndProject
Project("{FAE04EC0-301F-11D3-BF4B-00C04F79EFBC}") = "17-二叉树的镜像", "17-二叉树的镜像\17-二叉树的镜像.csproj", "{635E181D-D32E-4844-B76D-07A9CD830A0B}"
EndProject
Project("{FAE04EC0-301F-11D3-BF4B-00C04F79EFBC}") = "18-顺时针打印矩阵", "18-顺时针打印矩阵\18-顺时针打印矩阵.csproj", "{392D51FD-CAE5-467D-9BE5-339F1698F6F0}"
EndProject
Project("{FAE04EC0-301F-11D3-BF4B-00C04F79EFBC}") = "19-包含min函数的栈", "19-包含min函数的栈\19-包含min函数的栈.csproj", "{0978331F-B348-4F28-8D66-7B95D20CCDD3}"
EndProject
Project("{FAE04EC0-301F-11D3-BF4B-00C04F79EFBC}") = "20-栈的压入、弹出序列", "20-栈的压入、弹出序列\20-栈的压入、弹出序列.csproj", "{10205D44-7DFB-40DB-A8EC-D901F3C09D29}"
EndProject
Project("{FAE04EC0-301F-11D3-BF4B-00C04F79EFBC}") = "21-从上往下打印二叉树", "21-从上往下打印二叉树\21-从上往下打印二叉树.csproj", "{C049E84E-8499-433E-8CA2-1BF509E9CDFD}"
EndProject
Project("{FAE04EC0-301F-11D3-BF4B-00C04F79EFBC}") = "22-二叉搜索树的后序遍历序列", "22-二叉搜索树的后序遍历序列\22-二叉搜索树的后序遍历序列.csproj", "{654E74AA-4D9C-41B4-B2FC-04720D85FD53}"
EndProject
Project("{FAE04EC0-301F-11D3-BF4B-00C04F79EFBC}") = "23-二叉树和为某一值得路径", "23-二叉树和为某一值得路径\23-二叉树和为某一值得路径.csproj", "{ADDC8A55-0F0F-4DB4-8914-2C4AC52CF96E}"
EndProject
Project("{FAE04EC0-301F-11D3-BF4B-00C04F79EFBC}") = "24-复杂链表的复制", "24-复杂链表的复制\24-复杂链表的复制.csproj", "{09E6A3E4-B79A-4914-8706-4E96DDAFC537}"
EndProject
Project("{FAE04EC0-301F-11D3-BF4B-00C04F79EFBC}") = "25-二叉搜索树与双向链表", "25-二叉搜索树与双向链表\25-二叉搜索树与双向链表.csproj", "{1A4D1332-52B4-40CB-98E8-0258A696074A}"
EndProject
Project("{FAE04EC0-301F-11D3-BF4B-00C04F79EFBC}") = "26-字符串的排列", "26-字符串的排列\26-字符串的排列.csproj", "{EA930343-D387-4A2A-9276-5BDCC363FEB4}"
EndProject
Project("{FAE04EC0-301F-11D3-BF4B-00C04F79EFBC}") = "27-数组中出现次数超过一半的数字", "27-数组中出现次数超过一半的数字\27-数组中出现次数超过一半的数字.csproj", "{50DA0B61-5A31-40A6-A3AA-AFFC63746005}"
EndProject
Project("{FAE04EC0-301F-11D3-BF4B-00C04F79EFBC}") = "28-最小的k个数", "28-最小的k个数\28-最小的k个数.csproj", "{F619F79B-1BBD-4BE3-A153-DCE6EB4D49AD}"
EndProject
Project("{FAE04EC0-301F-11D3-BF4B-00C04F79EFBC}") = "29-连续子数组的最大和", "29-连续子数组的最大和\29-连续子数组的最大和.csproj", "{96DFC6DC-E2F0-4D6B-8B89-638BF6196E4C}"
EndProject
Project("{FAE04EC0-301F-11D3-BF4B-00C04F79EFBC}") = "30-从1到n整数中1出现的次数", "30-从1到n整数中1出现的次数\30-从1到n整数中1出现的次数.csproj", "{411CD096-895F-4459-BFF4-A8222FD8639F}"
EndProject
Project("{FAE04EC0-301F-11D3-BF4B-00C04F79EFBC}") = "31-把数组排成最小的数", "31-把数组排成最小的数\31-把数组排成最小的数.csproj", "{BA2F50A9-F68E-4D1D-9248-713BAC3F68F4}"
EndProject
Project("{FAE04EC0-301F-11D3-BF4B-00C04F79EFBC}") = "32-丑数", "32-丑数\32-丑数.csproj", "{4C7167DE-1FA3-44F2-BD08-47637A598113}"
EndProject
Project("{FAE04EC0-301F-11D3-BF4B-00C04F79EFBC}") = "33-第一个只出现一次的字符位置", "33-第一个只出现一次的字符位置\33-第一个只出现一次的字符位置.csproj", "{461FBB43-373E-4594-BE2C-8A7E19587898}"
EndProject
Project("{FAE04EC0-301F-11D3-BF4B-00C04F79EFBC}") = "34-数组中的逆序对", "34-数组中的逆序对\34-数组中的逆序对.csproj", "{73707432-CF90-4E63-8A83-6625B71E47EA}"
EndProject
Project("{FAE04EC0-301F-11D3-BF4B-00C04F79EFBC}") = "35-两个链表的第一个公共节点", "35-两个链表的第一个公共节点\35-两个链表的第一个公共节点.csproj", "{D96289F0-F54F-4A52-9908-6C98135B095F}"
EndProject
Project("{FAE04EC0-301F-11D3-BF4B-00C04F79EFBC}") = "36-数字在排序数组中出现的次数", "36-数字在排序数组中出现的次数\36-数字在排序数组中出现的次数.csproj", "{8365EA39-0539-4F0F-A9FF-14227A3C36E9}"
EndProject
Project("{FAE04EC0-301F-11D3-BF4B-00C04F79EFBC}") = "37-二叉树的深度", "37-二叉树的深度\37-二叉树的深度.csproj", "{705FEB9A-C75D-4072-812F-93F4BCD2BCE2}"
EndProject
Project("{FAE04EC0-301F-11D3-BF4B-00C04F79EFBC}") = "38-平衡二叉树", "38-平衡二叉树\38-平衡二叉树.csproj", "{B5DA2A7B-B661-4945-A0A1-029D78FD457E}"
EndProject
Project("{FAE04EC0-301F-11D3-BF4B-00C04F79EFBC}") = "39-数组中只出现一次的数字", "39-数组中只出现一次的数字\39-数组中只出现一次的数字.csproj", "{942C30FA-9B94-4774-B35D-C9EFBB8896EA}"
EndProject
Project("{FAE04EC0-301F-11D3-BF4B-00C04F79EFBC}") = "40-和为S的连续正数序列", "40-和为S的连续正数序列\40-和为S的连续正数序列.csproj", "{93DB4329-CD1D-4BEF-8AA7-96FF09B4053D}"
EndProject
Global
	GlobalSection(SolutionConfigurationPlatforms) = preSolution
		Debug|Any CPU = Debug|Any CPU
		Release|Any CPU = Release|Any CPU
	EndGlobalSection
	GlobalSection(ProjectConfigurationPlatforms) = postSolution
		{A339E955-1E2F-4193-B7FF-5E063000D3B5}.Debug|Any CPU.ActiveCfg = Debug|Any CPU
		{A339E955-1E2F-4193-B7FF-5E063000D3B5}.Debug|Any CPU.Build.0 = Debug|Any CPU
		{A339E955-1E2F-4193-B7FF-5E063000D3B5}.Release|Any CPU.ActiveCfg = Release|Any CPU
		{A339E955-1E2F-4193-B7FF-5E063000D3B5}.Release|Any CPU.Build.0 = Release|Any CPU
		{954BF2D4-ECBB-4D13-B414-7208CB575799}.Debug|Any CPU.ActiveCfg = Debug|Any CPU
		{954BF2D4-ECBB-4D13-B414-7208CB575799}.Debug|Any CPU.Build.0 = Debug|Any CPU
		{954BF2D4-ECBB-4D13-B414-7208CB575799}.Release|Any CPU.ActiveCfg = Release|Any CPU
		{954BF2D4-ECBB-4D13-B414-7208CB575799}.Release|Any CPU.Build.0 = Release|Any CPU
		{CFD148AF-6741-4178-9448-5240DA365FC0}.Debug|Any CPU.ActiveCfg = Debug|Any CPU
		{CFD148AF-6741-4178-9448-5240DA365FC0}.Debug|Any CPU.Build.0 = Debug|Any CPU
		{CFD148AF-6741-4178-9448-5240DA365FC0}.Release|Any CPU.ActiveCfg = Release|Any CPU
		{CFD148AF-6741-4178-9448-5240DA365FC0}.Release|Any CPU.Build.0 = Release|Any CPU
		{7E72993B-E1E3-4AE4-A352-4448976020A9}.Debug|Any CPU.ActiveCfg = Debug|Any CPU
		{7E72993B-E1E3-4AE4-A352-4448976020A9}.Debug|Any CPU.Build.0 = Debug|Any CPU
		{7E72993B-E1E3-4AE4-A352-4448976020A9}.Release|Any CPU.ActiveCfg = Release|Any CPU
		{7E72993B-E1E3-4AE4-A352-4448976020A9}.Release|Any CPU.Build.0 = Release|Any CPU
		{408EAF57-DD69-41E5-A920-B038868A93E6}.Debug|Any CPU.ActiveCfg = Debug|Any CPU
		{408EAF57-DD69-41E5-A920-B038868A93E6}.Debug|Any CPU.Build.0 = Debug|Any CPU
		{408EAF57-DD69-41E5-A920-B038868A93E6}.Release|Any CPU.ActiveCfg = Release|Any CPU
		{408EAF57-DD69-41E5-A920-B038868A93E6}.Release|Any CPU.Build.0 = Release|Any CPU
		{A991AE79-45B7-48BF-815D-0B996D98C115}.Debug|Any CPU.ActiveCfg = Debug|Any CPU
		{A991AE79-45B7-48BF-815D-0B996D98C115}.Debug|Any CPU.Build.0 = Debug|Any CPU
		{A991AE79-45B7-48BF-815D-0B996D98C115}.Release|Any CPU.ActiveCfg = Release|Any CPU
		{A991AE79-45B7-48BF-815D-0B996D98C115}.Release|Any CPU.Build.0 = Release|Any CPU
		{12E11203-7DCC-467D-B252-73BD20E3668D}.Debug|Any CPU.ActiveCfg = Debug|Any CPU
		{12E11203-7DCC-467D-B252-73BD20E3668D}.Debug|Any CPU.Build.0 = Debug|Any CPU
		{12E11203-7DCC-467D-B252-73BD20E3668D}.Release|Any CPU.ActiveCfg = Release|Any CPU
		{12E11203-7DCC-467D-B252-73BD20E3668D}.Release|Any CPU.Build.0 = Release|Any CPU
		{27BDFB9E-4887-4B11-84AE-05DD5EDF257E}.Debug|Any CPU.ActiveCfg = Debug|Any CPU
		{27BDFB9E-4887-4B11-84AE-05DD5EDF257E}.Debug|Any CPU.Build.0 = Debug|Any CPU
		{27BDFB9E-4887-4B11-84AE-05DD5EDF257E}.Release|Any CPU.ActiveCfg = Release|Any CPU
		{27BDFB9E-4887-4B11-84AE-05DD5EDF257E}.Release|Any CPU.Build.0 = Release|Any CPU
		{F4335B4D-68C8-4FC3-8D26-A2842DC831D7}.Debug|Any CPU.ActiveCfg = Debug|Any CPU
		{F4335B4D-68C8-4FC3-8D26-A2842DC831D7}.Debug|Any CPU.Build.0 = Debug|Any CPU
		{F4335B4D-68C8-4FC3-8D26-A2842DC831D7}.Release|Any CPU.ActiveCfg = Release|Any CPU
		{F4335B4D-68C8-4FC3-8D26-A2842DC831D7}.Release|Any CPU.Build.0 = Release|Any CPU
		{96C3B9DD-D5DC-4E95-9D34-C3881377FD09}.Debug|Any CPU.ActiveCfg = Debug|Any CPU
		{96C3B9DD-D5DC-4E95-9D34-C3881377FD09}.Debug|Any CPU.Build.0 = Debug|Any CPU
		{96C3B9DD-D5DC-4E95-9D34-C3881377FD09}.Release|Any CPU.ActiveCfg = Release|Any CPU
		{96C3B9DD-D5DC-4E95-9D34-C3881377FD09}.Release|Any CPU.Build.0 = Release|Any CPU
		{D517D80B-FC61-44EB-AEF3-5B4605499F2A}.Debug|Any CPU.ActiveCfg = Debug|Any CPU
		{D517D80B-FC61-44EB-AEF3-5B4605499F2A}.Debug|Any CPU.Build.0 = Debug|Any CPU
		{D517D80B-FC61-44EB-AEF3-5B4605499F2A}.Release|Any CPU.ActiveCfg = Release|Any CPU
		{D517D80B-FC61-44EB-AEF3-5B4605499F2A}.Release|Any CPU.Build.0 = Release|Any CPU
		{A5A4251E-ED1F-4A40-9787-5BDBA1603A18}.Debug|Any CPU.ActiveCfg = Debug|Any CPU
		{A5A4251E-ED1F-4A40-9787-5BDBA1603A18}.Debug|Any CPU.Build.0 = Debug|Any CPU
		{A5A4251E-ED1F-4A40-9787-5BDBA1603A18}.Release|Any CPU.ActiveCfg = Release|Any CPU
		{A5A4251E-ED1F-4A40-9787-5BDBA1603A18}.Release|Any CPU.Build.0 = Release|Any CPU
		{8773890D-2283-4D80-851E-0B70EDE91845}.Debug|Any CPU.ActiveCfg = Debug|Any CPU
		{8773890D-2283-4D80-851E-0B70EDE91845}.Debug|Any CPU.Build.0 = Debug|Any CPU
		{8773890D-2283-4D80-851E-0B70EDE91845}.Release|Any CPU.ActiveCfg = Release|Any CPU
		{8773890D-2283-4D80-851E-0B70EDE91845}.Release|Any CPU.Build.0 = Release|Any CPU
		{C7F3DD02-E9F8-47A8-A0BC-FE02F5FBCEA3}.Debug|Any CPU.ActiveCfg = Debug|Any CPU
		{C7F3DD02-E9F8-47A8-A0BC-FE02F5FBCEA3}.Debug|Any CPU.Build.0 = Debug|Any CPU
		{C7F3DD02-E9F8-47A8-A0BC-FE02F5FBCEA3}.Release|Any CPU.ActiveCfg = Release|Any CPU
		{C7F3DD02-E9F8-47A8-A0BC-FE02F5FBCEA3}.Release|Any CPU.Build.0 = Release|Any CPU
		{7FCA5384-2651-4F7B-9BF7-24C552DC4854}.Debug|Any CPU.ActiveCfg = Debug|Any CPU
		{7FCA5384-2651-4F7B-9BF7-24C552DC4854}.Debug|Any CPU.Build.0 = Debug|Any CPU
		{7FCA5384-2651-4F7B-9BF7-24C552DC4854}.Release|Any CPU.ActiveCfg = Release|Any CPU
		{7FCA5384-2651-4F7B-9BF7-24C552DC4854}.Release|Any CPU.Build.0 = Release|Any CPU
		{AD365824-67A8-46F2-8094-B4BABD9017B5}.Debug|Any CPU.ActiveCfg = Debug|Any CPU
		{AD365824-67A8-46F2-8094-B4BABD9017B5}.Debug|Any CPU.Build.0 = Debug|Any CPU
		{AD365824-67A8-46F2-8094-B4BABD9017B5}.Release|Any CPU.ActiveCfg = Release|Any CPU
		{AD365824-67A8-46F2-8094-B4BABD9017B5}.Release|Any CPU.Build.0 = Release|Any CPU
		{635E181D-D32E-4844-B76D-07A9CD830A0B}.Debug|Any CPU.ActiveCfg = Debug|Any CPU
		{635E181D-D32E-4844-B76D-07A9CD830A0B}.Debug|Any CPU.Build.0 = Debug|Any CPU
		{635E181D-D32E-4844-B76D-07A9CD830A0B}.Release|Any CPU.ActiveCfg = Release|Any CPU
		{635E181D-D32E-4844-B76D-07A9CD830A0B}.Release|Any CPU.Build.0 = Release|Any CPU
		{392D51FD-CAE5-467D-9BE5-339F1698F6F0}.Debug|Any CPU.ActiveCfg = Debug|Any CPU
		{392D51FD-CAE5-467D-9BE5-339F1698F6F0}.Debug|Any CPU.Build.0 = Debug|Any CPU
		{392D51FD-CAE5-467D-9BE5-339F1698F6F0}.Release|Any CPU.ActiveCfg = Release|Any CPU
		{392D51FD-CAE5-467D-9BE5-339F1698F6F0}.Release|Any CPU.Build.0 = Release|Any CPU
		{0978331F-B348-4F28-8D66-7B95D20CCDD3}.Debug|Any CPU.ActiveCfg = Debug|Any CPU
		{0978331F-B348-4F28-8D66-7B95D20CCDD3}.Debug|Any CPU.Build.0 = Debug|Any CPU
		{0978331F-B348-4F28-8D66-7B95D20CCDD3}.Release|Any CPU.ActiveCfg = Release|Any CPU
		{0978331F-B348-4F28-8D66-7B95D20CCDD3}.Release|Any CPU.Build.0 = Release|Any CPU
		{10205D44-7DFB-40DB-A8EC-D901F3C09D29}.Debug|Any CPU.ActiveCfg = Debug|Any CPU
		{10205D44-7DFB-40DB-A8EC-D901F3C09D29}.Debug|Any CPU.Build.0 = Debug|Any CPU
		{10205D44-7DFB-40DB-A8EC-D901F3C09D29}.Release|Any CPU.ActiveCfg = Release|Any CPU
		{10205D44-7DFB-40DB-A8EC-D901F3C09D29}.Release|Any CPU.Build.0 = Release|Any CPU
		{C049E84E-8499-433E-8CA2-1BF509E9CDFD}.Debug|Any CPU.ActiveCfg = Debug|Any CPU
		{C049E84E-8499-433E-8CA2-1BF509E9CDFD}.Debug|Any CPU.Build.0 = Debug|Any CPU
		{C049E84E-8499-433E-8CA2-1BF509E9CDFD}.Release|Any CPU.ActiveCfg = Release|Any CPU
		{C049E84E-8499-433E-8CA2-1BF509E9CDFD}.Release|Any CPU.Build.0 = Release|Any CPU
		{654E74AA-4D9C-41B4-B2FC-04720D85FD53}.Debug|Any CPU.ActiveCfg = Debug|Any CPU
		{654E74AA-4D9C-41B4-B2FC-04720D85FD53}.Debug|Any CPU.Build.0 = Debug|Any CPU
		{654E74AA-4D9C-41B4-B2FC-04720D85FD53}.Release|Any CPU.ActiveCfg = Release|Any CPU
		{654E74AA-4D9C-41B4-B2FC-04720D85FD53}.Release|Any CPU.Build.0 = Release|Any CPU
		{ADDC8A55-0F0F-4DB4-8914-2C4AC52CF96E}.Debug|Any CPU.ActiveCfg = Debug|Any CPU
		{ADDC8A55-0F0F-4DB4-8914-2C4AC52CF96E}.Debug|Any CPU.Build.0 = Debug|Any CPU
		{ADDC8A55-0F0F-4DB4-8914-2C4AC52CF96E}.Release|Any CPU.ActiveCfg = Release|Any CPU
		{ADDC8A55-0F0F-4DB4-8914-2C4AC52CF96E}.Release|Any CPU.Build.0 = Release|Any CPU
		{09E6A3E4-B79A-4914-8706-4E96DDAFC537}.Debug|Any CPU.ActiveCfg = Debug|Any CPU
		{09E6A3E4-B79A-4914-8706-4E96DDAFC537}.Debug|Any CPU.Build.0 = Debug|Any CPU
		{09E6A3E4-B79A-4914-8706-4E96DDAFC537}.Release|Any CPU.ActiveCfg = Release|Any CPU
		{09E6A3E4-B79A-4914-8706-4E96DDAFC537}.Release|Any CPU.Build.0 = Release|Any CPU
		{1A4D1332-52B4-40CB-98E8-0258A696074A}.Debug|Any CPU.ActiveCfg = Debug|Any CPU
		{1A4D1332-52B4-40CB-98E8-0258A696074A}.Debug|Any CPU.Build.0 = Debug|Any CPU
		{1A4D1332-52B4-40CB-98E8-0258A696074A}.Release|Any CPU.ActiveCfg = Release|Any CPU
		{1A4D1332-52B4-40CB-98E8-0258A696074A}.Release|Any CPU.Build.0 = Release|Any CPU
		{EA930343-D387-4A2A-9276-5BDCC363FEB4}.Debug|Any CPU.ActiveCfg = Debug|Any CPU
		{EA930343-D387-4A2A-9276-5BDCC363FEB4}.Debug|Any CPU.Build.0 = Debug|Any CPU
		{EA930343-D387-4A2A-9276-5BDCC363FEB4}.Release|Any CPU.ActiveCfg = Release|Any CPU
		{EA930343-D387-4A2A-9276-5BDCC363FEB4}.Release|Any CPU.Build.0 = Release|Any CPU
		{50DA0B61-5A31-40A6-A3AA-AFFC63746005}.Debug|Any CPU.ActiveCfg = Debug|Any CPU
		{50DA0B61-5A31-40A6-A3AA-AFFC63746005}.Debug|Any CPU.Build.0 = Debug|Any CPU
		{50DA0B61-5A31-40A6-A3AA-AFFC63746005}.Release|Any CPU.ActiveCfg = Release|Any CPU
		{50DA0B61-5A31-40A6-A3AA-AFFC63746005}.Release|Any CPU.Build.0 = Release|Any CPU
		{F619F79B-1BBD-4BE3-A153-DCE6EB4D49AD}.Debug|Any CPU.ActiveCfg = Debug|Any CPU
		{F619F79B-1BBD-4BE3-A153-DCE6EB4D49AD}.Debug|Any CPU.Build.0 = Debug|Any CPU
		{F619F79B-1BBD-4BE3-A153-DCE6EB4D49AD}.Release|Any CPU.ActiveCfg = Release|Any CPU
		{F619F79B-1BBD-4BE3-A153-DCE6EB4D49AD}.Release|Any CPU.Build.0 = Release|Any CPU
		{96DFC6DC-E2F0-4D6B-8B89-638BF6196E4C}.Debug|Any CPU.ActiveCfg = Debug|Any CPU
		{96DFC6DC-E2F0-4D6B-8B89-638BF6196E4C}.Debug|Any CPU.Build.0 = Debug|Any CPU
		{96DFC6DC-E2F0-4D6B-8B89-638BF6196E4C}.Release|Any CPU.ActiveCfg = Release|Any CPU
		{96DFC6DC-E2F0-4D6B-8B89-638BF6196E4C}.Release|Any CPU.Build.0 = Release|Any CPU
		{411CD096-895F-4459-BFF4-A8222FD8639F}.Debug|Any CPU.ActiveCfg = Debug|Any CPU
		{411CD096-895F-4459-BFF4-A8222FD8639F}.Debug|Any CPU.Build.0 = Debug|Any CPU
		{411CD096-895F-4459-BFF4-A8222FD8639F}.Release|Any CPU.ActiveCfg = Release|Any CPU
		{411CD096-895F-4459-BFF4-A8222FD8639F}.Release|Any CPU.Build.0 = Release|Any CPU
		{BA2F50A9-F68E-4D1D-9248-713BAC3F68F4}.Debug|Any CPU.ActiveCfg = Debug|Any CPU
		{BA2F50A9-F68E-4D1D-9248-713BAC3F68F4}.Debug|Any CPU.Build.0 = Debug|Any CPU
		{BA2F50A9-F68E-4D1D-9248-713BAC3F68F4}.Release|Any CPU.ActiveCfg = Release|Any CPU
		{BA2F50A9-F68E-4D1D-9248-713BAC3F68F4}.Release|Any CPU.Build.0 = Release|Any CPU
		{4C7167DE-1FA3-44F2-BD08-47637A598113}.Debug|Any CPU.ActiveCfg = Debug|Any CPU
		{4C7167DE-1FA3-44F2-BD08-47637A598113}.Debug|Any CPU.Build.0 = Debug|Any CPU
		{4C7167DE-1FA3-44F2-BD08-47637A598113}.Release|Any CPU.ActiveCfg = Release|Any CPU
		{4C7167DE-1FA3-44F2-BD08-47637A598113}.Release|Any CPU.Build.0 = Release|Any CPU
		{461FBB43-373E-4594-BE2C-8A7E19587898}.Debug|Any CPU.ActiveCfg = Debug|Any CPU
		{461FBB43-373E-4594-BE2C-8A7E19587898}.Debug|Any CPU.Build.0 = Debug|Any CPU
		{461FBB43-373E-4594-BE2C-8A7E19587898}.Release|Any CPU.ActiveCfg = Release|Any CPU
		{461FBB43-373E-4594-BE2C-8A7E19587898}.Release|Any CPU.Build.0 = Release|Any CPU
		{73707432-CF90-4E63-8A83-6625B71E47EA}.Debug|Any CPU.ActiveCfg = Debug|Any CPU
		{73707432-CF90-4E63-8A83-6625B71E47EA}.Debug|Any CPU.Build.0 = Debug|Any CPU
		{73707432-CF90-4E63-8A83-6625B71E47EA}.Release|Any CPU.ActiveCfg = Release|Any CPU
		{73707432-CF90-4E63-8A83-6625B71E47EA}.Release|Any CPU.Build.0 = Release|Any CPU
		{D96289F0-F54F-4A52-9908-6C98135B095F}.Debug|Any CPU.ActiveCfg = Debug|Any CPU
		{D96289F0-F54F-4A52-9908-6C98135B095F}.Debug|Any CPU.Build.0 = Debug|Any CPU
		{D96289F0-F54F-4A52-9908-6C98135B095F}.Release|Any CPU.ActiveCfg = Release|Any CPU
		{D96289F0-F54F-4A52-9908-6C98135B095F}.Release|Any CPU.Build.0 = Release|Any CPU
		{8365EA39-0539-4F0F-A9FF-14227A3C36E9}.Debug|Any CPU.ActiveCfg = Debug|Any CPU
		{8365EA39-0539-4F0F-A9FF-14227A3C36E9}.Debug|Any CPU.Build.0 = Debug|Any CPU
		{8365EA39-0539-4F0F-A9FF-14227A3C36E9}.Release|Any CPU.ActiveCfg = Release|Any CPU
		{8365EA39-0539-4F0F-A9FF-14227A3C36E9}.Release|Any CPU.Build.0 = Release|Any CPU
		{705FEB9A-C75D-4072-812F-93F4BCD2BCE2}.Debug|Any CPU.ActiveCfg = Debug|Any CPU
		{705FEB9A-C75D-4072-812F-93F4BCD2BCE2}.Debug|Any CPU.Build.0 = Debug|Any CPU
		{705FEB9A-C75D-4072-812F-93F4BCD2BCE2}.Release|Any CPU.ActiveCfg = Release|Any CPU
		{705FEB9A-C75D-4072-812F-93F4BCD2BCE2}.Release|Any CPU.Build.0 = Release|Any CPU
		{B5DA2A7B-B661-4945-A0A1-029D78FD457E}.Debug|Any CPU.ActiveCfg = Debug|Any CPU
		{B5DA2A7B-B661-4945-A0A1-029D78FD457E}.Debug|Any CPU.Build.0 = Debug|Any CPU
		{B5DA2A7B-B661-4945-A0A1-029D78FD457E}.Release|Any CPU.ActiveCfg = Release|Any CPU
		{B5DA2A7B-B661-4945-A0A1-029D78FD457E}.Release|Any CPU.Build.0 = Release|Any CPU
		{942C30FA-9B94-4774-B35D-C9EFBB8896EA}.Debug|Any CPU.ActiveCfg = Debug|Any CPU
		{942C30FA-9B94-4774-B35D-C9EFBB8896EA}.Debug|Any CPU.Build.0 = Debug|Any CPU
		{942C30FA-9B94-4774-B35D-C9EFBB8896EA}.Release|Any CPU.ActiveCfg = Release|Any CPU
		{942C30FA-9B94-4774-B35D-C9EFBB8896EA}.Release|Any CPU.Build.0 = Release|Any CPU
		{93DB4329-CD1D-4BEF-8AA7-96FF09B4053D}.Debug|Any CPU.ActiveCfg = Debug|Any CPU
		{93DB4329-CD1D-4BEF-8AA7-96FF09B4053D}.Debug|Any CPU.Build.0 = Debug|Any CPU
		{93DB4329-CD1D-4BEF-8AA7-96FF09B4053D}.Release|Any CPU.ActiveCfg = Release|Any CPU
		{93DB4329-CD1D-4BEF-8AA7-96FF09B4053D}.Release|Any CPU.Build.0 = Release|Any CPU
	EndGlobalSection
	GlobalSection(SolutionProperties) = preSolution
		HideSolutionNode = FALSE
	EndGlobalSection
EndGlobal
