
Microsoft Visual Studio Solution File, Format Version 12.00
# Visual Studio 2013
VisualStudioVersion = 12.0.40629.0
MinimumVisualStudioVersion = 10.0.40219.1
Project("{FAE04EC0-301F-11D3-BF4B-00C04F79EFBC}") = "1-二维数组查找", "1-二维数组查找\1-二维数组查找.csproj", "{A339E955-1E2F-4193-B7FF-5E063000D3B5}"
EndProject
Project("{FAE04EC0-301F-11D3-BF4B-00C04F79EFBC}") = "2-替换空格", "2-替换空格\2-替换空格.csproj", "{954BF2D4-ECBB-4D13-B414-7208CB575799}"
EndProject
Project("{FAE04EC0-301F-11D3-BF4B-00C04F79EFBC}") = "3-从尾到头打印链表", "3-从尾到头打印链表\3-从尾到头打印链表.csproj", "{CFD148AF-6741-4178-9448-5240DA365FC0}"
EndProject
Project("{FAE04EC0-301F-11D3-BF4B-00C04F79EFBC}") = "4-重建二叉树", "4-重建二叉树\4-重建二叉树.csproj", "{7E72993B-E1E3-4AE4-A352-4448976020A9}"
EndProject
Project("{FAE04EC0-301F-11D3-BF4B-00C04F79EFBC}") = "5-用两个栈实现队列", "5-用两个栈实现队列\5-用两个栈实现队列.csproj", "{408EAF57-DD69-41E5-A920-B038868A93E6}"
EndProject
Global
	GlobalSection(SolutionConfigurationPlatforms) = preSolution
		Debug|Any CPU = Debug|Any CPU
		Release|Any CPU = Release|Any CPU
	EndGlobalSection
	GlobalSection(ProjectConfigurationPlatforms) = postSolution
		{A339E955-1E2F-4193-B7FF-5E063000D3B5}.Debug|Any CPU.ActiveCfg = Debug|Any CPU
		{A339E955-1E2F-4193-B7FF-5E063000D3B5}.Debug|Any CPU.Build.0 = Debug|Any CPU
		{A339E955-1E2F-4193-B7FF-5E063000D3B5}.Release|Any CPU.ActiveCfg = Release|Any CPU
		{A339E955-1E2F-4193-B7FF-5E063000D3B5}.Release|Any CPU.Build.0 = Release|Any CPU
		{954BF2D4-ECBB-4D13-B414-7208CB575799}.Debug|Any CPU.ActiveCfg = Debug|Any CPU
		{954BF2D4-ECBB-4D13-B414-7208CB575799}.Debug|Any CPU.Build.0 = Debug|Any CPU
		{954BF2D4-ECBB-4D13-B414-7208CB575799}.Release|Any CPU.ActiveCfg = Release|Any CPU
		{954BF2D4-ECBB-4D13-B414-7208CB575799}.Release|Any CPU.Build.0 = Release|Any CPU
		{CFD148AF-6741-4178-9448-5240DA365FC0}.Debug|Any CPU.ActiveCfg = Debug|Any CPU
		{CFD148AF-6741-4178-9448-5240DA365FC0}.Debug|Any CPU.Build.0 = Debug|Any CPU
		{CFD148AF-6741-4178-9448-5240DA365FC0}.Release|Any CPU.ActiveCfg = Release|Any CPU
		{CFD148AF-6741-4178-9448-5240DA365FC0}.Release|Any CPU.Build.0 = Release|Any CPU
		{7E72993B-E1E3-4AE4-A352-4448976020A9}.Debug|Any CPU.ActiveCfg = Debug|Any CPU
		{7E72993B-E1E3-4AE4-A352-4448976020A9}.Debug|Any CPU.Build.0 = Debug|Any CPU
		{7E72993B-E1E3-4AE4-A352-4448976020A9}.Release|Any CPU.ActiveCfg = Release|Any CPU
		{7E72993B-E1E3-4AE4-A352-4448976020A9}.Release|Any CPU.Build.0 = Release|Any CPU
		{408EAF57-DD69-41E5-A920-B038868A93E6}.Debug|Any CPU.ActiveCfg = Debug|Any CPU
		{408EAF57-DD69-41E5-A920-B038868A93E6}.Debug|Any CPU.Build.0 = Debug|Any CPU
		{408EAF57-DD69-41E5-A920-B038868A93E6}.Release|Any CPU.ActiveCfg = Release|Any CPU
		{408EAF57-DD69-41E5-A920-B038868A93E6}.Release|Any CPU.Build.0 = Release|Any CPU
	EndGlobalSection
	GlobalSection(SolutionProperties) = preSolution
		HideSolutionNode = FALSE
	EndGlobalSection
EndGlobal
