
Microsoft Visual Studio Solution File, Format Version 12.00
# Visual Studio 2013
VisualStudioVersion = 12.0.40629.0
MinimumVisualStudioVersion = 10.0.40219.1
Project("{FAE04EC0-301F-11D3-BF4B-00C04F79EFBC}") = "1-二维数组查找", "1-二维数组查找\1-二维数组查找.csproj", "{A339E955-1E2F-4193-B7FF-5E063000D3B5}"
EndProject
Project("{FAE04EC0-301F-11D3-BF4B-00C04F79EFBC}") = "2-替换空格", "2-替换空格\2-替换空格.csproj", "{954BF2D4-ECBB-4D13-B414-7208CB575799}"
EndProject
Project("{FAE04EC0-301F-11D3-BF4B-00C04F79EFBC}") = "3-从尾到头打印链表", "3-从尾到头打印链表\3-从尾到头打印链表.csproj", "{CFD148AF-6741-4178-9448-5240DA365FC0}"
EndProject
Project("{FAE04EC0-301F-11D3-BF4B-00C04F79EFBC}") = "4-重建二叉树", "4-重建二叉树\4-重建二叉树.csproj", "{7E72993B-E1E3-4AE4-A352-4448976020A9}"
EndProject
Project("{FAE04EC0-301F-11D3-BF4B-00C04F79EFBC}") = "5-用两个栈实现队列", "5-用两个栈实现队列\5-用两个栈实现队列.csproj", "{408EAF57-DD69-41E5-A920-B038868A93E6}"
EndProject
Project("{FAE04EC0-301F-11D3-BF4B-00C04F79EFBC}") = "6-旋转数组的最小数字", "6-旋转数组的最小数字\6-旋转数组的最小数字.csproj", "{A991AE79-45B7-48BF-815D-0B996D98C115}"
EndProject
Project("{FAE04EC0-301F-11D3-BF4B-00C04F79EFBC}") = "7-斐波那契数列", "7-斐波那契数列\7-斐波那契数列.csproj", "{12E11203-7DCC-467D-B252-73BD20E3668D}"
EndProject
Project("{FAE04EC0-301F-11D3-BF4B-00C04F79EFBC}") = "8-变态跳台阶", "8-变态跳台阶\8-变态跳台阶.csproj", "{27BDFB9E-4887-4B11-84AE-05DD5EDF257E}"
EndProject
Project("{FAE04EC0-301F-11D3-BF4B-00C04F79EFBC}") = "9-矩形覆盖", "9-矩形覆盖\9-矩形覆盖.csproj", "{F4335B4D-68C8-4FC3-8D26-A2842DC831D7}"
EndProject
Project("{FAE04EC0-301F-11D3-BF4B-00C04F79EFBC}") = "10-二进制中1的个数", "10-二进制中1的个数\10-二进制中1的个数.csproj", "{96C3B9DD-D5DC-4E95-9D34-C3881377FD09}"
EndProject
Project("{FAE04EC0-301F-11D3-BF4B-00C04F79EFBC}") = "11-数值的整数次方", "11-数值的整数次方\11-数值的整数次方.csproj", "{D517D80B-FC61-44EB-AEF3-5B4605499F2A}"
EndProject
Project("{FAE04EC0-301F-11D3-BF4B-00C04F79EFBC}") = "12-调整数组顺序使奇数位于偶数前面", "12-调整数组顺序使奇数位于偶数前面\12-调整数组顺序使奇数位于偶数前面.csproj", "{A5A4251E-ED1F-4A40-9787-5BDBA1603A18}"
EndProject
Project("{FAE04EC0-301F-11D3-BF4B-00C04F79EFBC}") = "13-链表中倒数第K个节点", "13-链表中倒数第K个节点\13-链表中倒数第K个节点.csproj", "{8773890D-2283-4D80-851E-0B70EDE91845}"
EndProject
Project("{FAE04EC0-301F-11D3-BF4B-00C04F79EFBC}") = "14-反转链表", "14-反转链表\14-反转链表.csproj", "{C7F3DD02-E9F8-47A8-A0BC-FE02F5FBCEA3}"
EndProject
Project("{FAE04EC0-301F-11D3-BF4B-00C04F79EFBC}") = "15-合并两个排序的链表", "15-合并两个排序的链表\15-合并两个排序的链表.csproj", "{7FCA5384-2651-4F7B-9BF7-24C552DC4854}"
EndProject
Project("{FAE04EC0-301F-11D3-BF4B-00C04F79EFBC}") = "16-树的子树", "16-树的子树\16-树的子树.csproj", "{AD365824-67A8-46F2-8094-B4BABD9017B5}"
EndProject
Project("{FAE04EC0-301F-11D3-BF4B-00C04F79EFBC}") = "17-二叉树的镜像", "17-二叉树的镜像\17-二叉树的镜像.csproj", "{635E181D-D32E-4844-B76D-07A9CD830A0B}"
EndProject
Global
	GlobalSection(SolutionConfigurationPlatforms) = preSolution
		Debug|Any CPU = Debug|Any CPU
		Release|Any CPU = Release|Any CPU
	EndGlobalSection
	GlobalSection(ProjectConfigurationPlatforms) = postSolution
		{A339E955-1E2F-4193-B7FF-5E063000D3B5}.Debug|Any CPU.ActiveCfg = Debug|Any CPU
		{A339E955-1E2F-4193-B7FF-5E063000D3B5}.Debug|Any CPU.Build.0 = Debug|Any CPU
		{A339E955-1E2F-4193-B7FF-5E063000D3B5}.Release|Any CPU.ActiveCfg = Release|Any CPU
		{A339E955-1E2F-4193-B7FF-5E063000D3B5}.Release|Any CPU.Build.0 = Release|Any CPU
		{954BF2D4-ECBB-4D13-B414-7208CB575799}.Debug|Any CPU.ActiveCfg = Debug|Any CPU
		{954BF2D4-ECBB-4D13-B414-7208CB575799}.Debug|Any CPU.Build.0 = Debug|Any CPU
		{954BF2D4-ECBB-4D13-B414-7208CB575799}.Release|Any CPU.ActiveCfg = Release|Any CPU
		{954BF2D4-ECBB-4D13-B414-7208CB575799}.Release|Any CPU.Build.0 = Release|Any CPU
		{CFD148AF-6741-4178-9448-5240DA365FC0}.Debug|Any CPU.ActiveCfg = Debug|Any CPU
		{CFD148AF-6741-4178-9448-5240DA365FC0}.Debug|Any CPU.Build.0 = Debug|Any CPU
		{CFD148AF-6741-4178-9448-5240DA365FC0}.Release|Any CPU.ActiveCfg = Release|Any CPU
		{CFD148AF-6741-4178-9448-5240DA365FC0}.Release|Any CPU.Build.0 = Release|Any CPU
		{7E72993B-E1E3-4AE4-A352-4448976020A9}.Debug|Any CPU.ActiveCfg = Debug|Any CPU
		{7E72993B-E1E3-4AE4-A352-4448976020A9}.Debug|Any CPU.Build.0 = Debug|Any CPU
		{7E72993B-E1E3-4AE4-A352-4448976020A9}.Release|Any CPU.ActiveCfg = Release|Any CPU
		{7E72993B-E1E3-4AE4-A352-4448976020A9}.Release|Any CPU.Build.0 = Release|Any CPU
		{408EAF57-DD69-41E5-A920-B038868A93E6}.Debug|Any CPU.ActiveCfg = Debug|Any CPU
		{408EAF57-DD69-41E5-A920-B038868A93E6}.Debug|Any CPU.Build.0 = Debug|Any CPU
		{408EAF57-DD69-41E5-A920-B038868A93E6}.Release|Any CPU.ActiveCfg = Release|Any CPU
		{408EAF57-DD69-41E5-A920-B038868A93E6}.Release|Any CPU.Build.0 = Release|Any CPU
		{A991AE79-45B7-48BF-815D-0B996D98C115}.Debug|Any CPU.ActiveCfg = Debug|Any CPU
		{A991AE79-45B7-48BF-815D-0B996D98C115}.Debug|Any CPU.Build.0 = Debug|Any CPU
		{A991AE79-45B7-48BF-815D-0B996D98C115}.Release|Any CPU.ActiveCfg = Release|Any CPU
		{A991AE79-45B7-48BF-815D-0B996D98C115}.Release|Any CPU.Build.0 = Release|Any CPU
		{12E11203-7DCC-467D-B252-73BD20E3668D}.Debug|Any CPU.ActiveCfg = Debug|Any CPU
		{12E11203-7DCC-467D-B252-73BD20E3668D}.Debug|Any CPU.Build.0 = Debug|Any CPU
		{12E11203-7DCC-467D-B252-73BD20E3668D}.Release|Any CPU.ActiveCfg = Release|Any CPU
		{12E11203-7DCC-467D-B252-73BD20E3668D}.Release|Any CPU.Build.0 = Release|Any CPU
		{27BDFB9E-4887-4B11-84AE-05DD5EDF257E}.Debug|Any CPU.ActiveCfg = Debug|Any CPU
		{27BDFB9E-4887-4B11-84AE-05DD5EDF257E}.Debug|Any CPU.Build.0 = Debug|Any CPU
		{27BDFB9E-4887-4B11-84AE-05DD5EDF257E}.Release|Any CPU.ActiveCfg = Release|Any CPU
		{27BDFB9E-4887-4B11-84AE-05DD5EDF257E}.Release|Any CPU.Build.0 = Release|Any CPU
		{F4335B4D-68C8-4FC3-8D26-A2842DC831D7}.Debug|Any CPU.ActiveCfg = Debug|Any CPU
		{F4335B4D-68C8-4FC3-8D26-A2842DC831D7}.Debug|Any CPU.Build.0 = Debug|Any CPU
		{F4335B4D-68C8-4FC3-8D26-A2842DC831D7}.Release|Any CPU.ActiveCfg = Release|Any CPU
		{F4335B4D-68C8-4FC3-8D26-A2842DC831D7}.Release|Any CPU.Build.0 = Release|Any CPU
		{96C3B9DD-D5DC-4E95-9D34-C3881377FD09}.Debug|Any CPU.ActiveCfg = Debug|Any CPU
		{96C3B9DD-D5DC-4E95-9D34-C3881377FD09}.Debug|Any CPU.Build.0 = Debug|Any CPU
		{96C3B9DD-D5DC-4E95-9D34-C3881377FD09}.Release|Any CPU.ActiveCfg = Release|Any CPU
		{96C3B9DD-D5DC-4E95-9D34-C3881377FD09}.Release|Any CPU.Build.0 = Release|Any CPU
		{D517D80B-FC61-44EB-AEF3-5B4605499F2A}.Debug|Any CPU.ActiveCfg = Debug|Any CPU
		{D517D80B-FC61-44EB-AEF3-5B4605499F2A}.Debug|Any CPU.Build.0 = Debug|Any CPU
		{D517D80B-FC61-44EB-AEF3-5B4605499F2A}.Release|Any CPU.ActiveCfg = Release|Any CPU
		{D517D80B-FC61-44EB-AEF3-5B4605499F2A}.Release|Any CPU.Build.0 = Release|Any CPU
		{A5A4251E-ED1F-4A40-9787-5BDBA1603A18}.Debug|Any CPU.ActiveCfg = Debug|Any CPU
		{A5A4251E-ED1F-4A40-9787-5BDBA1603A18}.Debug|Any CPU.Build.0 = Debug|Any CPU
		{A5A4251E-ED1F-4A40-9787-5BDBA1603A18}.Release|Any CPU.ActiveCfg = Release|Any CPU
		{A5A4251E-ED1F-4A40-9787-5BDBA1603A18}.Release|Any CPU.Build.0 = Release|Any CPU
		{8773890D-2283-4D80-851E-0B70EDE91845}.Debug|Any CPU.ActiveCfg = Debug|Any CPU
		{8773890D-2283-4D80-851E-0B70EDE91845}.Debug|Any CPU.Build.0 = Debug|Any CPU
		{8773890D-2283-4D80-851E-0B70EDE91845}.Release|Any CPU.ActiveCfg = Release|Any CPU
		{8773890D-2283-4D80-851E-0B70EDE91845}.Release|Any CPU.Build.0 = Release|Any CPU
		{C7F3DD02-E9F8-47A8-A0BC-FE02F5FBCEA3}.Debug|Any CPU.ActiveCfg = Debug|Any CPU
		{C7F3DD02-E9F8-47A8-A0BC-FE02F5FBCEA3}.Debug|Any CPU.Build.0 = Debug|Any CPU
		{C7F3DD02-E9F8-47A8-A0BC-FE02F5FBCEA3}.Release|Any CPU.ActiveCfg = Release|Any CPU
		{C7F3DD02-E9F8-47A8-A0BC-FE02F5FBCEA3}.Release|Any CPU.Build.0 = Release|Any CPU
		{7FCA5384-2651-4F7B-9BF7-24C552DC4854}.Debug|Any CPU.ActiveCfg = Debug|Any CPU
		{7FCA5384-2651-4F7B-9BF7-24C552DC4854}.Debug|Any CPU.Build.0 = Debug|Any CPU
		{7FCA5384-2651-4F7B-9BF7-24C552DC4854}.Release|Any CPU.ActiveCfg = Release|Any CPU
		{7FCA5384-2651-4F7B-9BF7-24C552DC4854}.Release|Any CPU.Build.0 = Release|Any CPU
		{AD365824-67A8-46F2-8094-B4BABD9017B5}.Debug|Any CPU.ActiveCfg = Debug|Any CPU
		{AD365824-67A8-46F2-8094-B4BABD9017B5}.Debug|Any CPU.Build.0 = Debug|Any CPU
		{AD365824-67A8-46F2-8094-B4BABD9017B5}.Release|Any CPU.ActiveCfg = Release|Any CPU
		{AD365824-67A8-46F2-8094-B4BABD9017B5}.Release|Any CPU.Build.0 = Release|Any CPU
		{635E181D-D32E-4844-B76D-07A9CD830A0B}.Debug|Any CPU.ActiveCfg = Debug|Any CPU
		{635E181D-D32E-4844-B76D-07A9CD830A0B}.Debug|Any CPU.Build.0 = Debug|Any CPU
		{635E181D-D32E-4844-B76D-07A9CD830A0B}.Release|Any CPU.ActiveCfg = Release|Any CPU
		{635E181D-D32E-4844-B76D-07A9CD830A0B}.Release|Any CPU.Build.0 = Release|Any CPU
	EndGlobalSection
	GlobalSection(SolutionProperties) = preSolution
		HideSolutionNode = FALSE
	EndGlobalSection
EndGlobal
